
Microsoft Visual Studio Solution File, Format Version 12.00
# Visual Studio 2012
Project("{FAE04EC0-301F-11D3-BF4B-00C04F79EFBC}") = "网格修复工具", "网格修复工具\网格修复工具.csproj", "{F031480C-C7E5-4E92-9408-B815F2CEA19F}"
EndProject
Global
	GlobalSection(SolutionConfigurationPlatforms) = preSolution
		Debug|Any CPU = Debug|Any CPU
		Release|Any CPU = Release|Any CPU
	EndGlobalSection
	GlobalSection(ProjectConfigurationPlatforms) = postSolution
		{F031480C-C7E5-4E92-9408-B815F2CEA19F}.Debug|Any CPU.ActiveCfg = Debug|Any CPU
		{F031480C-C7E5-4E92-9408-B815F2CEA19F}.Debug|Any CPU.Build.0 = Debug|Any CPU
		{F031480C-C7E5-4E92-9408-B815F2CEA19F}.Release|Any CPU.ActiveCfg = Release|Any CPU
		{F031480C-C7E5-4E92-9408-B815F2CEA19F}.Release|Any CPU.Build.0 = Release|Any CPU
	EndGlobalSection
	GlobalSection(SolutionProperties) = preSolution
		HideSolutionNode = FALSE
	EndGlobalSection
EndGlobal
